{
    "version": 3,
    "terraform_version": "0.11.13",
    "serial": 49,
    "lineage": "66d379f6-cb3d-4e82-b614-2385e4cb6641",
    "modules": [
        {
            "path": [
                "root"
            ],
            "outputs": {
                "ip-external-lb": {
                    "sensitive": false,
                    "type": "string",
                    "value": "35.240.229.149"
                },
                "jenkins": {
                    "sensitive": false,
                    "type": "string",
                    "value": "35.197.131.204"
                },
                "jenkins-name": {
                    "sensitive": false,
                    "type": "string",
                    "value": "jenkins"
                },
                "kube-master-1": {
                    "sensitive": false,
                    "type": "string",
                    "value": "35.187.247.204"
                },
                "kube-master-1-name": {
                    "sensitive": false,
                    "type": "string",
                    "value": "k8s-master-1"
                },
                "kube-master-2": {
                    "sensitive": false,
                    "type": "string",
                    "value": "34.87.70.15"
                },
                "kube-master-2-name": {
                    "sensitive": false,
                    "type": "string",
                    "value": "k8s-master-2"
                },
                "kube-node-1": {
                    "sensitive": false,
                    "type": "string",
                    "value": "35.247.153.126"
                },
                "kube-node-1-name": {
                    "sensitive": false,
                    "type": "string",
                    "value": "k8s-node-1"
                },
                "kube-node-2": {
                    "sensitive": false,
                    "type": "string",
                    "value": "35.187.250.222"
                },
                "kube-node-2-name": {
                    "sensitive": false,
                    "type": "string",
                    "value": "k8s-node-2"
                }
            },
            "resources": {
                "google_compute_firewall.default": {
                    "type": "google_compute_firewall",
                    "depends_on": [],
                    "primary": {
                        "id": "kube-master",
                        "attributes": {
                            "allow.#": "2",
                            "allow.1367131964.ports.#": "0",
                            "allow.1367131964.protocol": "icmp",
                            "allow.2546614136.ports.#": "4",
                            "allow.2546614136.ports.0": "22",
                            "allow.2546614136.ports.1": "80",
                            "allow.2546614136.ports.2": "6443",
                            "allow.2546614136.ports.3": "8080",
                            "allow.2546614136.protocol": "tcp",
                            "creation_timestamp": "2019-08-04T02:16:18.119-07:00",
                            "deny.#": "0",
                            "description": "",
                            "destination_ranges.#": "0",
                            "direction": "INGRESS",
                            "disabled": "false",
                            "id": "kube-master",
                            "name": "kube-master",
                            "network": "https://www.googleapis.com/compute/v1/projects/positive-water-248212/global/networks/default",
                            "priority": "1000",
                            "project": "positive-water-248212",
                            "self_link": "https://www.googleapis.com/compute/v1/projects/positive-water-248212/global/firewalls/kube-master",
                            "source_ranges.#": "1",
                            "source_ranges.1080289494": "0.0.0.0/0",
                            "source_service_accounts.#": "0",
                            "source_tags.#": "0",
                            "target_service_accounts.#": "0",
                            "target_tags.#": "1",
                            "target_tags.3492656024": "kube-master"
                        },
                        "meta": {
                            "e2bfb730-ecaa-11e6-8f88-34363bc7c4c0": {
                                "create": 240000000000,
                                "delete": 240000000000,
                                "update": 240000000000
                            },
                            "schema_version": "1"
                        },
                        "tainted": false
                    },
                    "deposed": [],
                    "provider": "provider.google"
                },
                "google_compute_forwarding_rule.kube-master": {
                    "type": "google_compute_forwarding_rule",
                    "depends_on": [
                        "google_compute_target_pool.kube-master-target"
                    ],
                    "primary": {
                        "id": "kube-master",
                        "attributes": {
                            "all_ports": "false",
                            "backend_service": "",
                            "creation_timestamp": "2019-08-07T05:45:32.776-07:00",
                            "description": "",
                            "id": "kube-master",
                            "ip_address": "35.240.229.149",
                            "ip_protocol": "TCP",
                            "ip_version": "",
                            "load_balancing_scheme": "EXTERNAL",
                            "name": "kube-master",
                            "network": "",
                            "network_tier": "PREMIUM",
                            "port_range": "6443-6443",
                            "ports.#": "0",
                            "project": "positive-water-248212",
                            "region": "asia-southeast1",
                            "self_link": "https://www.googleapis.com/compute/v1/projects/positive-water-248212/regions/asia-southeast1/forwardingRules/kube-master",
                            "service_label": "",
                            "service_name": "",
                            "subnetwork": "",
                            "target": "https://www.googleapis.com/compute/v1/projects/positive-water-248212/regions/asia-southeast1/targetPools/kube-master-target"
                        },
                        "meta": {
                            "e2bfb730-ecaa-11e6-8f88-34363bc7c4c0": {
                                "create": 240000000000,
                                "delete": 240000000000,
                                "update": 240000000000
                            }
                        },
                        "tainted": false
                    },
                    "deposed": [],
                    "provider": "provider.google"
                },
                "google_compute_health_check.default": {
                    "type": "google_compute_health_check",
                    "depends_on": [],
                    "primary": {
                        "id": "kube-health-check",
                        "attributes": {
                            "check_interval_sec": "1",
                            "creation_timestamp": "2019-08-04T02:16:17.732-07:00",
                            "description": "",
                            "healthy_threshold": "2",
                            "http_health_check.#": "0",
                            "https_health_check.#": "0",
                            "id": "kube-health-check",
                            "name": "kube-health-check",
                            "project": "positive-water-248212",
                            "self_link": "https://www.googleapis.com/compute/v1/projects/positive-water-248212/global/healthChecks/kube-health-check",
                            "ssl_health_check.#": "0",
                            "tcp_health_check.#": "1",
                            "tcp_health_check.0.port": "6443",
                            "tcp_health_check.0.proxy_header": "NONE",
                            "tcp_health_check.0.request": "",
                            "tcp_health_check.0.response": "",
                            "timeout_sec": "1",
                            "type": "TCP",
                            "unhealthy_threshold": "2"
                        },
                        "meta": {
                            "e2bfb730-ecaa-11e6-8f88-34363bc7c4c0": {
                                "create": 240000000000,
                                "delete": 240000000000,
                                "update": 240000000000
                            }
                        },
                        "tainted": false
                    },
                    "deposed": [],
                    "provider": "provider.google"
                },
                "google_compute_instance.jenkins": {
                    "type": "google_compute_instance",
                    "depends_on": [],
                    "primary": {
                        "id": "jenkins",
                        "attributes": {
                            "attached_disk.#": "0",
                            "boot_disk.#": "1",
                            "boot_disk.0.auto_delete": "true",
                            "boot_disk.0.device_name": "persistent-disk-0",
                            "boot_disk.0.disk_encryption_key_raw": "",
                            "boot_disk.0.disk_encryption_key_sha256": "",
                            "boot_disk.0.initialize_params.#": "1",
                            "boot_disk.0.initialize_params.0.image": "https://www.googleapis.com/compute/v1/projects/debian-cloud/global/images/debian-9-stretch-v20190729",
                            "boot_disk.0.initialize_params.0.size": "10",
                            "boot_disk.0.initialize_params.0.type": "pd-standard",
                            "boot_disk.0.kms_key_self_link": "",
                            "boot_disk.0.source": "https://www.googleapis.com/compute/v1/projects/positive-water-248212/zones/asia-southeast1-b/disks/jenkins",
                            "can_ip_forward": "false",
                            "cpu_platform": "Intel Broadwell",
                            "deletion_protection": "false",
                            "guest_accelerator.#": "0",
                            "hostname": "",
                            "id": "jenkins",
                            "instance_id": "7407683492381155824",
                            "label_fingerprint": "42WmSpB8rSM=",
                            "labels.%": "0",
                            "machine_type": "n1-standard-1",
                            "metadata.%": "0",
                            "metadata_fingerprint": "WU506Suc9Yw=",
                            "metadata_startup_script": "sudo apt-get -y update;sudo curl https://get.docker.com | sh - ;sudo curl -s https://packages.cloud.google.com/apt/doc/apt-key.gpg | sudo apt-key add - ;sudo echo 'deb http://apt.kubernetes.io kubernetes-xenial main' \u003e\u003e /etc/apt/sources.list.d/kubernetes.list;sudo apt-get -y update;sudo apt-get -y install kubectl;sudo wget -q -O - https://pkg.jenkins.io/debian-stable/jenkins.io.key | sudo apt-key add - ;sudo echo 'deb https://pkg.jenkins.io/debian-stable binary/' \u003e\u003e /etc/apt/sources.list;sudo apt-get -y update;sudo apt-get -y install default-jdk",
                            "min_cpu_platform": "",
                            "name": "jenkins",
                            "network_interface.#": "1",
                            "network_interface.0.access_config.#": "1",
                            "network_interface.0.access_config.0.assigned_nat_ip": "",
                            "network_interface.0.access_config.0.nat_ip": "35.197.131.204",
                            "network_interface.0.access_config.0.network_tier": "PREMIUM",
                            "network_interface.0.access_config.0.public_ptr_domain_name": "",
                            "network_interface.0.address": "",
                            "network_interface.0.alias_ip_range.#": "0",
                            "network_interface.0.name": "nic0",
                            "network_interface.0.network": "https://www.googleapis.com/compute/v1/projects/positive-water-248212/global/networks/default",
                            "network_interface.0.network_ip": "10.148.0.63",
                            "network_interface.0.subnetwork": "https://www.googleapis.com/compute/v1/projects/positive-water-248212/regions/asia-southeast1/subnetworks/default",
                            "network_interface.0.subnetwork_project": "positive-water-248212",
                            "project": "positive-water-248212",
                            "scheduling.#": "1",
                            "scheduling.0.automatic_restart": "true",
                            "scheduling.0.node_affinities.#": "0",
                            "scheduling.0.on_host_maintenance": "MIGRATE",
                            "scheduling.0.preemptible": "false",
                            "scratch_disk.#": "0",
                            "self_link": "https://www.googleapis.com/compute/v1/projects/positive-water-248212/zones/asia-southeast1-b/instances/jenkins",
                            "service_account.#": "0",
                            "shielded_instance_config.#": "0",
                            "tags.#": "1",
                            "tags.3492656024": "kube-master",
                            "tags_fingerprint": "6XuvbP9xsQQ=",
                            "zone": "asia-southeast1-b"
                        },
                        "meta": {
                            "e2bfb730-ecaa-11e6-8f88-34363bc7c4c0": {
                                "create": 1200000000000,
                                "delete": 1200000000000,
                                "update": 1200000000000
                            },
                            "schema_version": "6"
                        },
                        "tainted": false
                    },
                    "deposed": [],
                    "provider": "provider.google"
                },
                "google_compute_instance.k8s-n1": {
                    "type": "google_compute_instance",
                    "depends_on": [],
                    "primary": {
                        "id": "k8s-node-1",
                        "attributes": {
                            "attached_disk.#": "0",
                            "boot_disk.#": "1",
                            "boot_disk.0.auto_delete": "true",
                            "boot_disk.0.device_name": "persistent-disk-0",
                            "boot_disk.0.disk_encryption_key_raw": "",
                            "boot_disk.0.disk_encryption_key_sha256": "",
                            "boot_disk.0.initialize_params.#": "1",
                            "boot_disk.0.initialize_params.0.image": "https://www.googleapis.com/compute/v1/projects/debian-cloud/global/images/debian-9-stretch-v20190729",
                            "boot_disk.0.initialize_params.0.size": "10",
                            "boot_disk.0.initialize_params.0.type": "pd-standard",
                            "boot_disk.0.kms_key_self_link": "",
                            "boot_disk.0.source": "https://www.googleapis.com/compute/v1/projects/positive-water-248212/zones/asia-southeast1-b/disks/k8s-node-1",
                            "can_ip_forward": "false",
                            "cpu_platform": "Intel Broadwell",
                            "deletion_protection": "false",
                            "guest_accelerator.#": "0",
                            "hostname": "",
                            "id": "k8s-node-1",
                            "instance_id": "8114133521547092464",
                            "label_fingerprint": "42WmSpB8rSM=",
                            "labels.%": "0",
                            "machine_type": "n1-standard-1",
                            "metadata.%": "0",
                            "metadata_fingerprint": "wfPjykaT0x0=",
                            "metadata_startup_script": "sudo apt-get -y update; sudo curl https://get.docker.com | sh - ; sudo curl -s https://packages.cloud.google.com/apt/doc/apt-key.gpg | sudo apt-key add - ; sudo echo 'deb http://apt.kubernetes.io kubernetes-xenial main' \u003e\u003e /etc/apt/sources.list.d/kubernetes.list; sudo apt-get -y update; sudo apt-get -y install kubelet kubeadm kubectl; sudo swapoff -a",
                            "min_cpu_platform": "",
                            "name": "k8s-node-1",
                            "network_interface.#": "1",
                            "network_interface.0.access_config.#": "1",
                            "network_interface.0.access_config.0.assigned_nat_ip": "",
                            "network_interface.0.access_config.0.nat_ip": "35.247.153.126",
                            "network_interface.0.access_config.0.network_tier": "PREMIUM",
                            "network_interface.0.access_config.0.public_ptr_domain_name": "",
                            "network_interface.0.address": "",
                            "network_interface.0.alias_ip_range.#": "0",
                            "network_interface.0.name": "nic0",
                            "network_interface.0.network": "https://www.googleapis.com/compute/v1/projects/positive-water-248212/global/networks/default",
                            "network_interface.0.network_ip": "10.148.15.192",
                            "network_interface.0.subnetwork": "https://www.googleapis.com/compute/v1/projects/positive-water-248212/regions/asia-southeast1/subnetworks/default",
                            "network_interface.0.subnetwork_project": "positive-water-248212",
                            "project": "positive-water-248212",
                            "scheduling.#": "1",
                            "scheduling.0.automatic_restart": "true",
                            "scheduling.0.node_affinities.#": "0",
                            "scheduling.0.on_host_maintenance": "MIGRATE",
                            "scheduling.0.preemptible": "false",
                            "scratch_disk.#": "0",
                            "self_link": "https://www.googleapis.com/compute/v1/projects/positive-water-248212/zones/asia-southeast1-b/instances/k8s-node-1",
                            "service_account.#": "0",
                            "shielded_instance_config.#": "0",
                            "tags.#": "1",
                            "tags.3492656024": "kube-master",
                            "tags_fingerprint": "6XuvbP9xsQQ=",
                            "zone": "asia-southeast1-b"
                        },
                        "meta": {
                            "e2bfb730-ecaa-11e6-8f88-34363bc7c4c0": {
                                "create": 1200000000000,
                                "delete": 1200000000000,
                                "update": 1200000000000
                            },
                            "schema_version": "6"
                        },
                        "tainted": false
                    },
                    "deposed": [],
                    "provider": "provider.google"
                },
                "google_compute_instance.k8s-n2": {
                    "type": "google_compute_instance",
                    "depends_on": [],
                    "primary": {
                        "id": "k8s-node-2",
                        "attributes": {
                            "attached_disk.#": "0",
                            "boot_disk.#": "1",
                            "boot_disk.0.auto_delete": "true",
                            "boot_disk.0.device_name": "persistent-disk-0",
                            "boot_disk.0.disk_encryption_key_raw": "",
                            "boot_disk.0.disk_encryption_key_sha256": "",
                            "boot_disk.0.initialize_params.#": "1",
                            "boot_disk.0.initialize_params.0.image": "https://www.googleapis.com/compute/v1/projects/debian-cloud/global/images/debian-9-stretch-v20190729",
                            "boot_disk.0.initialize_params.0.size": "10",
                            "boot_disk.0.initialize_params.0.type": "pd-standard",
                            "boot_disk.0.kms_key_self_link": "",
                            "boot_disk.0.source": "https://www.googleapis.com/compute/v1/projects/positive-water-248212/zones/asia-southeast1-b/disks/k8s-node-2",
                            "can_ip_forward": "false",
                            "cpu_platform": "Intel Broadwell",
                            "deletion_protection": "false",
                            "guest_accelerator.#": "0",
                            "hostname": "",
                            "id": "k8s-node-2",
                            "instance_id": "1669387853830250992",
                            "label_fingerprint": "42WmSpB8rSM=",
                            "labels.%": "0",
                            "machine_type": "n1-standard-1",
                            "metadata.%": "0",
                            "metadata_fingerprint": "wfPjykaT0x0=",
                            "metadata_startup_script": "sudo apt-get -y update; sudo curl https://get.docker.com | sh - ; sudo curl -s https://packages.cloud.google.com/apt/doc/apt-key.gpg | sudo apt-key add - ; sudo echo 'deb http://apt.kubernetes.io kubernetes-xenial main' \u003e\u003e /etc/apt/sources.list.d/kubernetes.list; sudo apt-get -y update; sudo apt-get -y install kubelet kubeadm kubectl; sudo swapoff -a",
                            "min_cpu_platform": "",
                            "name": "k8s-node-2",
                            "network_interface.#": "1",
                            "network_interface.0.access_config.#": "1",
                            "network_interface.0.access_config.0.assigned_nat_ip": "",
                            "network_interface.0.access_config.0.nat_ip": "35.187.250.222",
                            "network_interface.0.access_config.0.network_tier": "PREMIUM",
                            "network_interface.0.access_config.0.public_ptr_domain_name": "",
                            "network_interface.0.address": "",
                            "network_interface.0.alias_ip_range.#": "0",
                            "network_interface.0.name": "nic0",
                            "network_interface.0.network": "https://www.googleapis.com/compute/v1/projects/positive-water-248212/global/networks/default",
                            "network_interface.0.network_ip": "10.148.15.195",
                            "network_interface.0.subnetwork": "https://www.googleapis.com/compute/v1/projects/positive-water-248212/regions/asia-southeast1/subnetworks/default",
                            "network_interface.0.subnetwork_project": "positive-water-248212",
                            "project": "positive-water-248212",
                            "scheduling.#": "1",
                            "scheduling.0.automatic_restart": "true",
                            "scheduling.0.node_affinities.#": "0",
                            "scheduling.0.on_host_maintenance": "MIGRATE",
                            "scheduling.0.preemptible": "false",
                            "scratch_disk.#": "0",
                            "self_link": "https://www.googleapis.com/compute/v1/projects/positive-water-248212/zones/asia-southeast1-b/instances/k8s-node-2",
                            "service_account.#": "0",
                            "shielded_instance_config.#": "0",
                            "tags.#": "1",
                            "tags.3492656024": "kube-master",
                            "tags_fingerprint": "6XuvbP9xsQQ=",
                            "zone": "asia-southeast1-b"
                        },
                        "meta": {
                            "e2bfb730-ecaa-11e6-8f88-34363bc7c4c0": {
                                "create": 1200000000000,
                                "delete": 1200000000000,
                                "update": 1200000000000
                            },
                            "schema_version": "6"
                        },
                        "tainted": false
                    },
                    "deposed": [],
                    "provider": "provider.google"
                },
                "google_compute_instance.k8s1": {
                    "type": "google_compute_instance",
                    "depends_on": [],
                    "primary": {
                        "id": "k8s-master-1",
                        "attributes": {
                            "attached_disk.#": "0",
                            "boot_disk.#": "1",
                            "boot_disk.0.auto_delete": "true",
                            "boot_disk.0.device_name": "persistent-disk-0",
                            "boot_disk.0.disk_encryption_key_raw": "",
                            "boot_disk.0.disk_encryption_key_sha256": "",
                            "boot_disk.0.initialize_params.#": "1",
                            "boot_disk.0.initialize_params.0.image": "https://www.googleapis.com/compute/v1/projects/debian-cloud/global/images/debian-9-stretch-v20190729",
                            "boot_disk.0.initialize_params.0.size": "10",
                            "boot_disk.0.initialize_params.0.type": "pd-standard",
                            "boot_disk.0.kms_key_self_link": "",
                            "boot_disk.0.source": "https://www.googleapis.com/compute/v1/projects/positive-water-248212/zones/asia-southeast1-b/disks/k8s-master-1",
                            "can_ip_forward": "false",
                            "cpu_platform": "Intel Broadwell",
                            "deletion_protection": "false",
                            "guest_accelerator.#": "0",
                            "hostname": "",
                            "id": "k8s-master-1",
                            "instance_id": "1771172552906334704",
                            "label_fingerprint": "42WmSpB8rSM=",
                            "labels.%": "0",
                            "machine_type": "n1-standard-2",
                            "metadata.%": "0",
                            "metadata_fingerprint": "wfPjykaT0x0=",
                            "metadata_startup_script": "sudo apt-get -y update; sudo curl https://get.docker.com | sh - ; sudo curl -s https://packages.cloud.google.com/apt/doc/apt-key.gpg | sudo apt-key add - ; sudo echo 'deb http://apt.kubernetes.io kubernetes-xenial main' \u003e\u003e /etc/apt/sources.list.d/kubernetes.list; sudo apt-get -y update; sudo apt-get -y install kubelet kubeadm kubectl; sudo swapoff -a",
                            "min_cpu_platform": "",
                            "name": "k8s-master-1",
                            "network_interface.#": "1",
                            "network_interface.0.access_config.#": "1",
                            "network_interface.0.access_config.0.assigned_nat_ip": "",
                            "network_interface.0.access_config.0.nat_ip": "35.187.247.204",
                            "network_interface.0.access_config.0.network_tier": "PREMIUM",
                            "network_interface.0.access_config.0.public_ptr_domain_name": "",
                            "network_interface.0.address": "",
                            "network_interface.0.alias_ip_range.#": "0",
                            "network_interface.0.name": "nic0",
                            "network_interface.0.network": "https://www.googleapis.com/compute/v1/projects/positive-water-248212/global/networks/default",
                            "network_interface.0.network_ip": "10.148.15.193",
                            "network_interface.0.subnetwork": "https://www.googleapis.com/compute/v1/projects/positive-water-248212/regions/asia-southeast1/subnetworks/default",
                            "network_interface.0.subnetwork_project": "positive-water-248212",
                            "project": "positive-water-248212",
                            "scheduling.#": "1",
                            "scheduling.0.automatic_restart": "true",
                            "scheduling.0.node_affinities.#": "0",
                            "scheduling.0.on_host_maintenance": "MIGRATE",
                            "scheduling.0.preemptible": "false",
                            "scratch_disk.#": "0",
                            "self_link": "https://www.googleapis.com/compute/v1/projects/positive-water-248212/zones/asia-southeast1-b/instances/k8s-master-1",
                            "service_account.#": "0",
                            "shielded_instance_config.#": "0",
                            "tags.#": "1",
                            "tags.3492656024": "kube-master",
                            "tags_fingerprint": "6XuvbP9xsQQ=",
                            "zone": "asia-southeast1-b"
                        },
                        "meta": {
                            "e2bfb730-ecaa-11e6-8f88-34363bc7c4c0": {
                                "create": 1200000000000,
                                "delete": 1200000000000,
                                "update": 1200000000000
                            },
                            "schema_version": "6"
                        },
                        "tainted": false
                    },
                    "deposed": [],
                    "provider": "provider.google"
                },
                "google_compute_instance.k8s2": {
                    "type": "google_compute_instance",
                    "depends_on": [],
                    "primary": {
                        "id": "k8s-master-2",
                        "attributes": {
                            "attached_disk.#": "0",
                            "boot_disk.#": "1",
                            "boot_disk.0.auto_delete": "true",
                            "boot_disk.0.device_name": "persistent-disk-0",
                            "boot_disk.0.disk_encryption_key_raw": "",
                            "boot_disk.0.disk_encryption_key_sha256": "",
                            "boot_disk.0.initialize_params.#": "1",
                            "boot_disk.0.initialize_params.0.image": "https://www.googleapis.com/compute/v1/projects/debian-cloud/global/images/debian-9-stretch-v20190729",
                            "boot_disk.0.initialize_params.0.size": "10",
                            "boot_disk.0.initialize_params.0.type": "pd-standard",
                            "boot_disk.0.kms_key_self_link": "",
                            "boot_disk.0.source": "https://www.googleapis.com/compute/v1/projects/positive-water-248212/zones/asia-southeast1-b/disks/k8s-master-2",
                            "can_ip_forward": "false",
                            "cpu_platform": "Intel Broadwell",
                            "deletion_protection": "false",
                            "guest_accelerator.#": "0",
                            "hostname": "",
                            "id": "k8s-master-2",
                            "instance_id": "2044017295346852336",
                            "label_fingerprint": "42WmSpB8rSM=",
                            "labels.%": "0",
                            "machine_type": "n1-standard-2",
                            "metadata.%": "0",
                            "metadata_fingerprint": "wfPjykaT0x0=",
                            "metadata_startup_script": "sudo apt-get -y update; sudo curl https://get.docker.com | sh - ; sudo curl -s https://packages.cloud.google.com/apt/doc/apt-key.gpg | sudo apt-key add - ; sudo echo 'deb http://apt.kubernetes.io kubernetes-xenial main' \u003e\u003e /etc/apt/sources.list.d/kubernetes.list; sudo apt-get -y update; sudo apt-get -y install kubelet kubeadm kubectl; sudo swapoff -a",
                            "min_cpu_platform": "",
                            "name": "k8s-master-2",
                            "network_interface.#": "1",
                            "network_interface.0.access_config.#": "1",
                            "network_interface.0.access_config.0.assigned_nat_ip": "",
                            "network_interface.0.access_config.0.nat_ip": "34.87.70.15",
                            "network_interface.0.access_config.0.network_tier": "PREMIUM",
                            "network_interface.0.access_config.0.public_ptr_domain_name": "",
                            "network_interface.0.address": "",
                            "network_interface.0.alias_ip_range.#": "0",
                            "network_interface.0.name": "nic0",
                            "network_interface.0.network": "https://www.googleapis.com/compute/v1/projects/positive-water-248212/global/networks/default",
                            "network_interface.0.network_ip": "10.148.15.194",
                            "network_interface.0.subnetwork": "https://www.googleapis.com/compute/v1/projects/positive-water-248212/regions/asia-southeast1/subnetworks/default",
                            "network_interface.0.subnetwork_project": "positive-water-248212",
                            "project": "positive-water-248212",
                            "scheduling.#": "1",
                            "scheduling.0.automatic_restart": "true",
                            "scheduling.0.node_affinities.#": "0",
                            "scheduling.0.on_host_maintenance": "MIGRATE",
                            "scheduling.0.preemptible": "false",
                            "scratch_disk.#": "0",
                            "self_link": "https://www.googleapis.com/compute/v1/projects/positive-water-248212/zones/asia-southeast1-b/instances/k8s-master-2",
                            "service_account.#": "0",
                            "shielded_instance_config.#": "0",
                            "tags.#": "1",
                            "tags.3492656024": "kube-master",
                            "tags_fingerprint": "6XuvbP9xsQQ=",
                            "zone": "asia-southeast1-b"
                        },
                        "meta": {
                            "e2bfb730-ecaa-11e6-8f88-34363bc7c4c0": {
                                "create": 1200000000000,
                                "delete": 1200000000000,
                                "update": 1200000000000
                            },
                            "schema_version": "6"
                        },
                        "tainted": false
                    },
                    "deposed": [],
                    "provider": "provider.google"
                },
                "google_compute_target_pool.kube-master-target": {
                    "type": "google_compute_target_pool",
                    "depends_on": [],
                    "primary": {
                        "id": "kube-master-target",
                        "attributes": {
                            "backup_pool": "",
                            "description": "",
                            "failover_ratio": "0",
                            "health_checks.#": "0",
                            "id": "kube-master-target",
                            "instances.#": "1",
                            "instances.1910666216": "asia-southeast1-b/k8s-master-1",
                            "name": "kube-master-target",
                            "project": "positive-water-248212",
                            "region": "asia-southeast1",
                            "self_link": "https://www.googleapis.com/compute/v1/projects/positive-water-248212/regions/asia-southeast1/targetPools/kube-master-target",
                            "session_affinity": "NONE"
                        },
                        "meta": {},
                        "tainted": false
                    },
                    "deposed": [],
                    "provider": "provider.google"
                }
            },
            "depends_on": []
        }
    ]
}
